
Microsoft Visual Studio Solution File, Format Version 12.00
# Visual Studio Version 16
VisualStudioVersion = 16.0.30225.117
MinimumVisualStudioVersion = 10.0.40219.1
Project("{FAE04EC0-301F-11D3-BF4B-00C04F79EFBC}") = "Budget App", "Budget App.csproj", "{B1E79D5E-5180-40DA-8679-AFAA9394300A}"
EndProject
Global
	GlobalSection(SolutionConfigurationPlatforms) = preSolution
		Debug|Any CPU = Debug|Any CPU
		Release|Any CPU = Release|Any CPU
	EndGlobalSection
	GlobalSection(ProjectConfigurationPlatforms) = postSolution
		{B1E79D5E-5180-40DA-8679-AFAA9394300A}.Debug|Any CPU.ActiveCfg = Debug|Any CPU
		{B1E79D5E-5180-40DA-8679-AFAA9394300A}.Debug|Any CPU.Build.0 = Debug|Any CPU
		{B1E79D5E-5180-40DA-8679-AFAA9394300A}.Release|Any CPU.ActiveCfg = Release|Any CPU
		{B1E79D5E-5180-40DA-8679-AFAA9394300A}.Release|Any CPU.Build.0 = Release|Any CPU
	EndGlobalSection
	GlobalSection(SolutionProperties) = preSolution
		HideSolutionNode = FALSE
	EndGlobalSection
	GlobalSection(ExtensibilityGlobals) = postSolution
		SolutionGuid = {49A1561B-63AF-4078-9D09-669B04E6EFCF}
	EndGlobalSection
EndGlobal
